
Microsoft Visual Studio Solution File, Format Version 12.00
# Visual Studio 15
Project("{FAE04EC0-301F-11D3-BF4B-00C04F79EFBC}") = "Practica 1_FPS", "Practica 1_FPS.csproj", "{BDD618FC-9F9B-2E9D-8FA1-8E8D3C58A292}"
EndProject
Global
	GlobalSection(SolutionConfigurationPlatforms) = preSolution
		Debug|Any CPU = Debug|Any CPU
		Release|Any CPU = Release|Any CPU
	EndGlobalSection
	GlobalSection(ProjectConfigurationPlatforms) = postSolution
		{BDD618FC-9F9B-2E9D-8FA1-8E8D3C58A292}.Debug|Any CPU.ActiveCfg = Debug|Any CPU
		{BDD618FC-9F9B-2E9D-8FA1-8E8D3C58A292}.Debug|Any CPU.Build.0 = Debug|Any CPU
		{BDD618FC-9F9B-2E9D-8FA1-8E8D3C58A292}.Release|Any CPU.ActiveCfg = Release|Any CPU
		{BDD618FC-9F9B-2E9D-8FA1-8E8D3C58A292}.Release|Any CPU.Build.0 = Release|Any CPU
	EndGlobalSection
	GlobalSection(SolutionProperties) = preSolution
		HideSolutionNode = FALSE
	EndGlobalSection
EndGlobal
